{
  "name": "@openadam/context-surface-analyzer",
  "version": "0.1.2",
  "lockfileVersion": 3,
  "requires": true,
  "packages": {
    "": {
      "name": "@openadam/context-surface-analyzer",
      "version": "0.1.2",
      "license": "Apache-2.0",
      "bin": {
        "context-surface": "src/cli.js",
        "context-surface-mcp": "src/mcp-server.js"
      },
      "engines": {
        "node": ">=22"
      }
    }
  }
}
